
Microsoft Visual Studio Solution File, Format Version 12.00
# Visual Studio Version 16
VisualStudioVersion = 16.0.29926.136
MinimumVisualStudioVersion = 10.0.40219.1
Project("{9A19103F-16F7-4668-BE54-9A1E7A4F7556}") = "BlazorComponentBus", "BlazorComponentBus\BlazorComponentBus.csproj", "{C882BE72-E870-4629-B3B2-6C3F244A82A7}"
EndProject
Project("{FAE04EC0-301F-11D3-BF4B-00C04F79EFBC}") = "BlazorComponentBus.UnitTests", "BlazorComponentBus.UnitTests\BlazorComponentBus.UnitTests.csproj", "{9A77FFCD-BBA6-442F-A1D9-D1CE31CBFB7F}"
EndProject
Global
	GlobalSection(SolutionConfigurationPlatforms) = preSolution
		Debug|Any CPU = Debug|Any CPU
		Release|Any CPU = Release|Any CPU
	EndGlobalSection
	GlobalSection(ProjectConfigurationPlatforms) = postSolution
		{C882BE72-E870-4629-B3B2-6C3F244A82A7}.Debug|Any CPU.ActiveCfg = Debug|Any CPU
		{C882BE72-E870-4629-B3B2-6C3F244A82A7}.Debug|Any CPU.Build.0 = Debug|Any CPU
		{C882BE72-E870-4629-B3B2-6C3F244A82A7}.Release|Any CPU.ActiveCfg = Release|Any CPU
		{C882BE72-E870-4629-B3B2-6C3F244A82A7}.Release|Any CPU.Build.0 = Release|Any CPU
		{9A77FFCD-BBA6-442F-A1D9-D1CE31CBFB7F}.Debug|Any CPU.ActiveCfg = Debug|Any CPU
		{9A77FFCD-BBA6-442F-A1D9-D1CE31CBFB7F}.Debug|Any CPU.Build.0 = Debug|Any CPU
		{9A77FFCD-BBA6-442F-A1D9-D1CE31CBFB7F}.Release|Any CPU.ActiveCfg = Release|Any CPU
		{9A77FFCD-BBA6-442F-A1D9-D1CE31CBFB7F}.Release|Any CPU.Build.0 = Release|Any CPU
	EndGlobalSection
	GlobalSection(SolutionProperties) = preSolution
		HideSolutionNode = FALSE
	EndGlobalSection
	GlobalSection(ExtensibilityGlobals) = postSolution
		SolutionGuid = {09BDF981-1E14-4ED8-AC17-CA7049C02026}
	EndGlobalSection
EndGlobal
